// !$*UTF8*$!
{
	archiveVersion = 1;
	classes = {
	};
	objectVersion = 77;
	objects = {

/* Begin PBXContainerItemProxy section */
		F2534FAF2CE216E100FF13A6 /* PBXContainerItemProxy */ = {
			isa = PBXContainerItemProxy;
			containerPortal = F2534F962CE216E000FF13A6 /* Project object */;
			proxyType = 1;
			remoteGlobalIDString = F2534F9D2CE216E000FF13A6;
			remoteInfo = StepByStep;
		};
		F2534FB92CE216E100FF13A6 /* PBXContainerItemProxy */ = {
			isa = PBXContainerItemProxy;
			containerPortal = F2534F962CE216E000FF13A6 /* Project object */;
			proxyType = 1;
			remoteGlobalIDString = F2534F9D2CE216E000FF13A6;
			remoteInfo = StepByStep;
		};
/* End PBXContainerItemProxy section */

/* Begin PBXFileReference section */
		F2534F9E2CE216E000FF13A6 /* StepByStep.app */ = {isa = PBXFileReference; explicitFileType = wrapper.application; includeInIndex = 0; path = StepByStep.app; sourceTree = BUILT_PRODUCTS_DIR; };
		F2534FAE2CE216E100FF13A6 /* StepByStepTests.xctest */ = {isa = PBXFileReference; explicitFileType = wrapper.cfbundle; includeInIndex = 0; path = StepByStepTests.xctest; sourceTree = BUILT_PRODUCTS_DIR; };
		F2534FB82CE216E100FF13A6 /* StepByStepUITests.xctest */ = {isa = PBXFileReference; explicitFileType = wrapper.cfbundle; includeInIndex = 0; path = StepByStepUITests.xctest; sourceTree = BUILT_PRODUCTS_DIR; };
/* End PBXFileReference section */

/* Begin PBXFileSystemSynchronizedRootGroup section */
		F2534FA02CE216E000FF13A6 /* StepByStep */ = {
			isa = PBXFileSystemSynchronizedRootGroup;
			path = StepByStep;
			sourceTree = "<group>";
		};
		F2534FB12CE216E100FF13A6 /* StepByStepTests */ = {
			isa = PBXFileSystemSynchronizedRootGroup;
			path = StepByStepTests;
			sourceTree = "<group>";
		};
		F2534FBB2CE216E100FF13A6 /* StepByStepUITests */ = {
			isa = PBXFileSystemSynchronizedRootGroup;
			path = StepByStepUITests;
			sourceTree = "<group>";
		};
/* End PBXFileSystemSynchronizedRootGroup section */

/* Begin PBXFrameworksBuildPhase section */
		F2534F9B2CE216E000FF13A6 /* Frameworks */ = {
			isa = PBXFrameworksBuildPhase;
			buildActionMask = 2147483647;
			files = (
			);
			runOnlyForDeploymentPostprocessing = 0;
		};
		F2534FAB2CE216E100FF13A6 /* Frameworks */ = {
			isa = PBXFrameworksBuildPhase;
			buildActionMask = 2147483647;
			files = (
			);
			runOnlyForDeploymentPostprocessing = 0;
		};
		F2534FB52CE216E100FF13A6 /* Frameworks */ = {
			isa = PBXFrameworksBuildPhase;
			buildActionMask = 2147483647;
			files = (
			);
			runOnlyForDeploymentPostprocessing = 0;
		};
/* End PBXFrameworksBuildPhase section */

/* Begin PBXGroup section */
		F2534F952CE216E000FF13A6 = {
			isa = PBXGroup;
			children = (
				F2534FA02CE216E000FF13A6 /* StepByStep */,
				F2534FB12CE216E100FF13A6 /* StepByStepTests */,
				F2534FBB2CE216E100FF13A6 /* StepByStepUITests */,
				F2534F9F2CE216E000FF13A6 /* Products */,
			);
			sourceTree = "<group>";
		};
		F2534F9F2CE216E000FF13A6 /* Products */ = {
			isa = PBXGroup;
			children = (
				F2534F9E2CE216E000FF13A6 /* StepByStep.app */,
				F2534FAE2CE216E100FF13A6 /* StepByStepTests.xctest */,
				F2534FB82CE216E100FF13A6 /* StepByStepUITests.xctest */,
			);
			name = Products;
			sourceTree = "<group>";
		};
/* End PBXGroup section */

/* Begin PBXNativeTarget section */
		F2534F9D2CE216E000FF13A6 /* StepByStep */ = {
			isa = PBXNativeTarget;
			buildConfigurationList = F2534FC22CE216E100FF13A6 /* Build configuration list for PBXNativeTarget "StepByStep" */;
			buildPhases = (
				F2534F9A2CE216E000FF13A6 /* Sources */,
				F2534F9B2CE216E000FF13A6 /* Frameworks */,
				F2534F9C2CE216E000FF13A6 /* Resources */,
			);
			buildRules = (
			);
			dependencies = (
			);
			fileSystemSynchronizedGroups = (
				F2534FA02CE216E000FF13A6 /* StepByStep */,
			);
			name = StepByStep;
			packageProductDependencies = (
			);
			productName = StepByStep;
			productReference = F2534F9E2CE216E000FF13A6 /* StepByStep.app */;
			productType = "com.apple.product-type.application";
		};
		F2534FAD2CE216E100FF13A6 /* StepByStepTests */ = {
			isa = PBXNativeTarget;
			buildConfigurationList = F2534FC52CE216E100FF13A6 /* Build configuration list for PBXNativeTarget "StepByStepTests" */;
			buildPhases = (
				F2534FAA2CE216E100FF13A6 /* Sources */,
				F2534FAB2CE216E100FF13A6 /* Frameworks */,
				F2534FAC2CE216E100FF13A6 /* Resources */,
			);
			buildRules = (
			);
			dependencies = (
				F2534FB02CE216E100FF13A6 /* PBXTargetDependency */,
			);
			fileSystemSynchronizedGroups = (
				F2534FB12CE216E100FF13A6 /* StepByStepTests */,
			);
			name = StepByStepTests;
			packageProductDependencies = (
			);
			productName = StepByStepTests;
			productReference = F2534FAE2CE216E100FF13A6 /* StepByStepTests.xctest */;
			productType = "com.apple.product-type.bundle.unit-test";
		};
		F2534FB72CE216E100FF13A6 /* StepByStepUITests */ = {
			isa = PBXNativeTarget;
			buildConfigurationList = F2534FC82CE216E100FF13A6 /* Build configuration list for PBXNativeTarget "StepByStepUITests" */;
			buildPhases = (
				F2534FB42CE216E100FF13A6 /* Sources */,
				F2534FB52CE216E100FF13A6 /* Frameworks */,
				F2534FB62CE216E100FF13A6 /* Resources */,
			);
			buildRules = (
			);
			dependencies = (
				F2534FBA2CE216E100FF13A6 /* PBXTargetDependency */,
			);
			fileSystemSynchronizedGroups = (
				F2534FBB2CE216E100FF13A6 /* StepByStepUITests */,
			);
			name = StepByStepUITests;
			packageProductDependencies = (
			);
			productName = StepByStepUITests;
			productReference = F2534FB82CE216E100FF13A6 /* StepByStepUITests.xctest */;
			productType = "com.apple.product-type.bundle.ui-testing";
		};
/* End PBXNativeTarget section */

/* Begin PBXProject section */
		F2534F962CE216E000FF13A6 /* Project object */ = {
			isa = PBXProject;
			attributes = {
				BuildIndependentTargetsInParallel = 1;
				LastSwiftUpdateCheck = 1610;
				LastUpgradeCheck = 1610;
				TargetAttributes = {
					F2534F9D2CE216E000FF13A6 = {
						CreatedOnToolsVersion = 16.1;
					};
					F2534FAD2CE216E100FF13A6 = {
						CreatedOnToolsVersion = 16.1;
						TestTargetID = F2534F9D2CE216E000FF13A6;
					};
					F2534FB72CE216E100FF13A6 = {
						CreatedOnToolsVersion = 16.1;
						TestTargetID = F2534F9D2CE216E000FF13A6;
					};
				};
			};
			buildConfigurationList = F2534F992CE216E000FF13A6 /* Build configuration list for PBXProject "StepByStep" */;
			developmentRegion = en;
			hasScannedForEncodings = 0;
			knownRegions = (
				en,
				Base,
			);
			mainGroup = F2534F952CE216E000FF13A6;
			minimizedProjectReferenceProxies = 1;
			preferredProjectObjectVersion = 77;
			productRefGroup = F2534F9F2CE216E000FF13A6 /* Products */;
			projectDirPath = "";
			projectRoot = "";
			targets = (
				F2534F9D2CE216E000FF13A6 /* StepByStep */,
				F2534FAD2CE216E100FF13A6 /* StepByStepTests */,
				F2534FB72CE216E100FF13A6 /* StepByStepUITests */,
			);
		};
/* End PBXProject section */

/* Begin PBXResourcesBuildPhase section */
		F2534F9C2CE216E000FF13A6 /* Resources */ = {
			isa = PBXResourcesBuildPhase;
			buildActionMask = 2147483647;
			files = (
			);
			runOnlyForDeploymentPostprocessing = 0;
		};
		F2534FAC2CE216E100FF13A6 /* Resources */ = {
			isa = PBXResourcesBuildPhase;
			buildActionMask = 2147483647;
			files = (
			);
			runOnlyForDeploymentPostprocessing = 0;
		};
		F2534FB62CE216E100FF13A6 /* Resources */ = {
			isa = PBXResourcesBuildPhase;
			buildActionMask = 2147483647;
			files = (
			);
			runOnlyForDeploymentPostprocessing = 0;
		};
/* End PBXResourcesBuildPhase section */

/* Begin PBXSourcesBuildPhase section */
		F2534F9A2CE216E000FF13A6 /* Sources */ = {
			isa = PBXSourcesBuildPhase;
			buildActionMask = 2147483647;
			files = (
			);
			runOnlyForDeploymentPostprocessing = 0;
		};
		F2534FAA2CE216E100FF13A6 /* Sources */ = {
			isa = PBXSourcesBuildPhase;
			buildActionMask = 2147483647;
			files = (
			);
			runOnlyForDeploymentPostprocessing = 0;
		};
		F2534FB42CE216E100FF13A6 /* Sources */ = {
			isa = PBXSourcesBuildPhase;
			buildActionMask = 2147483647;
			files = (
			);
			runOnlyForDeploymentPostprocessing = 0;
		};
/* End PBXSourcesBuildPhase section */

/* Begin PBXTargetDependency section */
		F2534FB02CE216E100FF13A6 /* PBXTargetDependency */ = {
			isa = PBXTargetDependency;
			target = F2534F9D2CE216E000FF13A6 /* StepByStep */;
			targetProxy = F2534FAF2CE216E100FF13A6 /* PBXContainerItemProxy */;
		};
		F2534FBA2CE216E100FF13A6 /* PBXTargetDependency */ = {
			isa = PBXTargetDependency;
			target = F2534F9D2CE216E000FF13A6 /* StepByStep */;
			targetProxy = F2534FB92CE216E100FF13A6 /* PBXContainerItemProxy */;
		};
/* End PBXTargetDependency section */

/* Begin XCBuildConfiguration section */
		F2534FC02CE216E100FF13A6 /* Debug */ = {
			isa = XCBuildConfiguration;
			buildSettings = {
				ALWAYS_SEARCH_USER_PATHS = NO;
				ASSETCATALOG_COMPILER_GENERATE_SWIFT_ASSET_SYMBOL_EXTENSIONS = YES;
				CLANG_ANALYZER_NONNULL = YES;
				CLANG_ANALYZER_NUMBER_OBJECT_CONVERSION = YES_AGGRESSIVE;
				CLANG_CXX_LANGUAGE_STANDARD = "gnu++20";
				CLANG_ENABLE_MODULES = YES;
				CLANG_ENABLE_OBJC_ARC = YES;
				CLANG_ENABLE_OBJC_WEAK = YES;
				CLANG_WARN_BLOCK_CAPTURE_AUTORELEASING = YES;
				CLANG_WARN_BOOL_CONVERSION = YES;
				CLANG_WARN_COMMA = YES;
				CLANG_WARN_CONSTANT_CONVERSION = YES;
				CLANG_WARN_DEPRECATED_OBJC_IMPLEMENTATIONS = YES;
				CLANG_WARN_DIRECT_OBJC_ISA_USAGE = YES_ERROR;
				CLANG_WARN_DOCUMENTATION_COMMENTS = YES;
				CLANG_WARN_EMPTY_BODY = YES;
				CLANG_WARN_ENUM_CONVERSION = YES;
				CLANG_WARN_INFINITE_RECURSION = YES;
				CLANG_WARN_INT_CONVERSION = YES;
				CLANG_WARN_NON_LITERAL_NULL_CONVERSION = YES;
				CLANG_WARN_OBJC_IMPLICIT_RETAIN_SELF = YES;
				CLANG_WARN_OBJC_LITERAL_CONVERSION = YES;
				CLANG_WARN_OBJC_ROOT_CLASS = YES_ERROR;
				CLANG_WARN_QUOTED_INCLUDE_IN_FRAMEWORK_HEADER = YES;
				CLANG_WARN_RANGE_LOOP_ANALYSIS = YES;
				CLANG_WARN_STRICT_PROTOTYPES = YES;
				CLANG_WARN_SUSPICIOUS_MOVE = YES;
				CLANG_WARN_UNGUARDED_AVAILABILITY = YES_AGGRESSIVE;
				CLANG_WARN_UNREACHABLE_CODE = YES;
				CLANG_WARN__DUPLICATE_METHOD_MATCH = YES;
				COPY_PHASE_STRIP = NO;
				DEBUG_INFORMATION_FORMAT = dwarf;
				ENABLE_STRICT_OBJC_MSGSEND = YES;
				ENABLE_TESTABILITY = YES;
				ENABLE_USER_SCRIPT_SANDBOXING = YES;
				GCC_C_LANGUAGE_STANDARD = gnu17;
				GCC_DYNAMIC_NO_PIC = NO;
				GCC_NO_COMMON_BLOCKS = YES;
				GCC_OPTIMIZATION_LEVEL = 0;
				GCC_PREPROCESSOR_DEFINITIONS = (
					"DEBUG=1",
					"$(inherited)",
				);
				GCC_WARN_64_TO_32_BIT_CONVERSION = YES;
				GCC_WARN_ABOUT_RETURN_TYPE = YES_ERROR;
				GCC_WARN_UNDECLARED_SELECTOR = YES;
				GCC_WARN_UNINITIALIZED_AUTOS = YES_AGGRESSIVE;
				GCC_WARN_UNUSED_FUNCTION = YES;
				GCC_WARN_UNUSED_VARIABLE = YES;
				IPHONEOS_DEPLOYMENT_TARGET = 18.1;
				LOCALIZATION_PREFERS_STRING_CATALOGS = YES;
				MTL_ENABLE_DEBUG_INFO = INCLUDE_SOURCE;
				MTL_FAST_MATH = YES;
				ONLY_ACTIVE_ARCH = YES;
				SDKROOT = iphoneos;
				SWIFT_ACTIVE_COMPILATION_CONDITIONS = "DEBUG $(inherited)";
				SWIFT_OPTIMIZATION_LEVEL = "-Onone";
			};
			name = Debug;
		};
		F2534FC12CE216E100FF13A6 /* Release */ = {
			isa = XCBuildConfiguration;
			buildSettings = {
				ALWAYS_SEARCH_USER_PATHS = NO;
				ASSETCATALOG_COMPILER_GENERATE_SWIFT_ASSET_SYMBOL_EXTENSIONS = YES;
				CLANG_ANALYZER_NONNULL = YES;
				CLANG_ANALYZER_NUMBER_OBJECT_CONVERSION = YES_AGGRESSIVE;
				CLANG_CXX_LANGUAGE_STANDARD = "gnu++20";
				CLANG_ENABLE_MODULES = YES;
				CLANG_ENABLE_OBJC_ARC = YES;
				CLANG_ENABLE_OBJC_WEAK = YES;
				CLANG_WARN_BLOCK_CAPTURE_AUTORELEASING = YES;
				CLANG_WARN_BOOL_CONVERSION = YES;
				CLANG_WARN_COMMA = YES;
				CLANG_WARN_CONSTANT_CONVERSION = YES;
				CLANG_WARN_DEPRECATED_OBJC_IMPLEMENTATIONS = YES;
				CLANG_WARN_DIRECT_OBJC_ISA_USAGE = YES_ERROR;
				CLANG_WARN_DOCUMENTATION_COMMENTS = YES;
				CLANG_WARN_EMPTY_BODY = YES;
				CLANG_WARN_ENUM_CONVERSION = YES;
				CLANG_WARN_INFINITE_RECURSION = YES;
				CLANG_WARN_INT_CONVERSION = YES;
				CLANG_WARN_NON_LITERAL_NULL_CONVERSION = YES;
				CLANG_WARN_OBJC_IMPLICIT_RETAIN_SELF = YES;
				CLANG_WARN_OBJC_LITERAL_CONVERSION = YES;
				CLANG_WARN_OBJC_ROOT_CLASS = YES_ERROR;
				CLANG_WARN_QUOTED_INCLUDE_IN_FRAMEWORK_HEADER = YES;
				CLANG_WARN_RANGE_LOOP_ANALYSIS = YES;
				CLANG_WARN_STRICT_PROTOTYPES = YES;
				CLANG_WARN_SUSPICIOUS_MOVE = YES;
				CLANG_WARN_UNGUARDED_AVAILABILITY = YES_AGGRESSIVE;
				CLANG_WARN_UNREACHABLE_CODE = YES;
				CLANG_WARN__DUPLICATE_METHOD_MATCH = YES;
				COPY_PHASE_STRIP = NO;
				DEBUG_INFORMATION_FORMAT = "dwarf-with-dsym";
				ENABLE_NS_ASSERTIONS = NO;
				ENABLE_STRICT_OBJC_MSGSEND = YES;
				ENABLE_USER_SCRIPT_SANDBOXING = YES;
				GCC_C_LANGUAGE_STANDARD = gnu17;
				GCC_NO_COMMON_BLOCKS = YES;
				GCC_WARN_64_TO_32_BIT_CONVERSION = YES;
				GCC_WARN_ABOUT_RETURN_TYPE = YES_ERROR;
				GCC_WARN_UNDECLARED_SELECTOR = YES;
				GCC_WARN_UNINITIALIZED_AUTOS = YES_AGGRESSIVE;
				GCC_WARN_UNUSED_FUNCTION = YES;
				GCC_WARN_UNUSED_VARIABLE = YES;
				IPHONEOS_DEPLOYMENT_TARGET = 18.1;
				LOCALIZATION_PREFERS_STRING_CATALOGS = YES;
				MTL_ENABLE_DEBUG_INFO = NO;
				MTL_FAST_MATH = YES;
				SDKROOT = iphoneos;
				SWIFT_COMPILATION_MODE = wholemodule;
				VALIDATE_PRODUCT = YES;
			};
			name = Release;
		};
		F2534FC32CE216E100FF13A6 /* Debug */ = {
			isa = XCBuildConfiguration;
			buildSettings = {
				ASSETCATALOG_COMPILER_APPICON_NAME = AppIcon;
				ASSETCATALOG_COMPILER_GLOBAL_ACCENT_COLOR_NAME = AccentColor;
				CODE_SIGN_STYLE = Automatic;
				CURRENT_PROJECT_VERSION = 1;
				DEVELOPMENT_ASSET_PATHS = "\"StepByStep/Preview Content\"";
				DEVELOPMENT_TEAM = R4ZR8P7C6P;
				ENABLE_PREVIEWS = YES;
				GENERATE_INFOPLIST_FILE = YES;
				INFOPLIST_KEY_UIApplicationSceneManifest_Generation = YES;
				INFOPLIST_KEY_UIApplicationSupportsIndirectInputEvents = YES;
				INFOPLIST_KEY_UILaunchScreen_Generation = YES;
				INFOPLIST_KEY_UISupportedInterfaceOrientations_iPad = "UIInterfaceOrientationPortrait UIInterfaceOrientationPortraitUpsideDown UIInterfaceOrientationLandscapeLeft UIInterfaceOrientationLandscapeRight";
				INFOPLIST_KEY_UISupportedInterfaceOrientations_iPhone = "UIInterfaceOrientationPortrait UIInterfaceOrientationLandscapeLeft UIInterfaceOrientationLandscapeRight";
				LD_RUNPATH_SEARCH_PATHS = (
					"$(inherited)",
					"@executable_path/Frameworks",
				);
				MARKETING_VERSION = 1.0;
				PRODUCT_BUNDLE_IDENTIFIER = com.VishnuNViswanath.StepByStep;
				PRODUCT_NAME = "$(TARGET_NAME)";
				SWIFT_EMIT_LOC_STRINGS = YES;
				SWIFT_VERSION = 5.0;
				TARGETED_DEVICE_FAMILY = "1,2";
			};
			name = Debug;
		};
		F2534FC42CE216E100FF13A6 /* Release */ = {
			isa = XCBuildConfiguration;
			buildSettings = {
				ASSETCATALOG_COMPILER_APPICON_NAME = AppIcon;
				ASSETCATALOG_COMPILER_GLOBAL_ACCENT_COLOR_NAME = AccentColor;
				CODE_SIGN_STYLE = Automatic;
				CURRENT_PROJECT_VERSION = 1;
				DEVELOPMENT_ASSET_PATHS = "\"StepByStep/Preview Content\"";
				DEVELOPMENT_TEAM = R4ZR8P7C6P;
				ENABLE_PREVIEWS = YES;
				GENERATE_INFOPLIST_FILE = YES;
				INFOPLIST_KEY_UIApplicationSceneManifest_Generation = YES;
				INFOPLIST_KEY_UIApplicationSupportsIndirectInputEvents = YES;
				INFOPLIST_KEY_UILaunchScreen_Generation = YES;
				INFOPLIST_KEY_UISupportedInterfaceOrientations_iPad = "UIInterfaceOrientationPortrait UIInterfaceOrientationPortraitUpsideDown UIInterfaceOrientationLandscapeLeft UIInterfaceOrientationLandscapeRight";
				INFOPLIST_KEY_UISupportedInterfaceOrientations_iPhone = "UIInterfaceOrientationPortrait UIInterfaceOrientationLandscapeLeft UIInterfaceOrientationLandscapeRight";
				LD_RUNPATH_SEARCH_PATHS = (
					"$(inherited)",
					"@executable_path/Frameworks",
				);
				MARKETING_VERSION = 1.0;
				PRODUCT_BUNDLE_IDENTIFIER = com.VishnuNViswanath.StepByStep;
				PRODUCT_NAME = "$(TARGET_NAME)";
				SWIFT_EMIT_LOC_STRINGS = YES;
				SWIFT_VERSION = 5.0;
				TARGETED_DEVICE_FAMILY = "1,2";
			};
			name = Release;
		};
		F2534FC62CE216E100FF13A6 /* Debug */ = {
			isa = XCBuildConfiguration;
			buildSettings = {
				BUNDLE_LOADER = "$(TEST_HOST)";
				CODE_SIGN_STYLE = Automatic;
				CURRENT_PROJECT_VERSION = 1;
				DEVELOPMENT_TEAM = R4ZR8P7C6P;
				GENERATE_INFOPLIST_FILE = YES;
				IPHONEOS_DEPLOYMENT_TARGET = 18.1;
				MARKETING_VERSION = 1.0;
				PRODUCT_BUNDLE_IDENTIFIER = com.VishnuNViswanath.StepByStepTests;
				PRODUCT_NAME = "$(TARGET_NAME)";
				SWIFT_EMIT_LOC_STRINGS = NO;
				SWIFT_VERSION = 5.0;
				TARGETED_DEVICE_FAMILY = "1,2";
				TEST_HOST = "$(BUILT_PRODUCTS_DIR)/StepByStep.app/$(BUNDLE_EXECUTABLE_FOLDER_PATH)/StepByStep";
			};
			name = Debug;
		};
		F2534FC72CE216E100FF13A6 /* Release */ = {
			isa = XCBuildConfiguration;
			buildSettings = {
				BUNDLE_LOADER = "$(TEST_HOST)";
				CODE_SIGN_STYLE = Automatic;
				CURRENT_PROJECT_VERSION = 1;
				DEVELOPMENT_TEAM = R4ZR8P7C6P;
				GENERATE_INFOPLIST_FILE = YES;
				IPHONEOS_DEPLOYMENT_TARGET = 18.1;
				MARKETING_VERSION = 1.0;
				PRODUCT_BUNDLE_IDENTIFIER = com.VishnuNViswanath.StepByStepTests;
				PRODUCT_NAME = "$(TARGET_NAME)";
				SWIFT_EMIT_LOC_STRINGS = NO;
				SWIFT_VERSION = 5.0;
				TARGETED_DEVICE_FAMILY = "1,2";
				TEST_HOST = "$(BUILT_PRODUCTS_DIR)/StepByStep.app/$(BUNDLE_EXECUTABLE_FOLDER_PATH)/StepByStep";
			};
			name = Release;
		};
		F2534FC92CE216E100FF13A6 /* Debug */ = {
			isa = XCBuildConfiguration;
			buildSettings = {
				CODE_SIGN_STYLE = Automatic;
				CURRENT_PROJECT_VERSION = 1;
				DEVELOPMENT_TEAM = R4ZR8P7C6P;
				GENERATE_INFOPLIST_FILE = YES;
				MARKETING_VERSION = 1.0;
				PRODUCT_BUNDLE_IDENTIFIER = com.VishnuNViswanath.StepByStepUITests;
				PRODUCT_NAME = "$(TARGET_NAME)";
				SWIFT_EMIT_LOC_STRINGS = NO;
				SWIFT_VERSION = 5.0;
				TARGETED_DEVICE_FAMILY = "1,2";
				TEST_TARGET_NAME = StepByStep;
			};
			name = Debug;
		};
		F2534FCA2CE216E100FF13A6 /* Release */ = {
			isa = XCBuildConfiguration;
			buildSettings = {
				CODE_SIGN_STYLE = Automatic;
				CURRENT_PROJECT_VERSION = 1;
				DEVELOPMENT_TEAM = R4ZR8P7C6P;
				GENERATE_INFOPLIST_FILE = YES;
				MARKETING_VERSION = 1.0;
				PRODUCT_BUNDLE_IDENTIFIER = com.VishnuNViswanath.StepByStepUITests;
				PRODUCT_NAME = "$(TARGET_NAME)";
				SWIFT_EMIT_LOC_STRINGS = NO;
				SWIFT_VERSION = 5.0;
				TARGETED_DEVICE_FAMILY = "1,2";
				TEST_TARGET_NAME = StepByStep;
			};
			name = Release;
		};
/* End XCBuildConfiguration section */

/* Begin XCConfigurationList section */
		F2534F992CE216E000FF13A6 /* Build configuration list for PBXProject "StepByStep" */ = {
			isa = XCConfigurationList;
			buildConfigurations = (
				F2534FC02CE216E100FF13A6 /* Debug */,
				F2534FC12CE216E100FF13A6 /* Release */,
			);
			defaultConfigurationIsVisible = 0;
			defaultConfigurationName = Release;
		};
		F2534FC22CE216E100FF13A6 /* Build configuration list for PBXNativeTarget "StepByStep" */ = {
			isa = XCConfigurationList;
			buildConfigurations = (
				F2534FC32CE216E100FF13A6 /* Debug */,
				F2534FC42CE216E100FF13A6 /* Release */,
			);
			defaultConfigurationIsVisible = 0;
			defaultConfigurationName = Release;
		};
		F2534FC52CE216E100FF13A6 /* Build configuration list for PBXNativeTarget "StepByStepTests" */ = {
			isa = XCConfigurationList;
			buildConfigurations = (
				F2534FC62CE216E100FF13A6 /* Debug */,
				F2534FC72CE216E100FF13A6 /* Release */,
			);
			defaultConfigurationIsVisible = 0;
			defaultConfigurationName = Release;
		};
		F2534FC82CE216E100FF13A6 /* Build configuration list for PBXNativeTarget "StepByStepUITests" */ = {
			isa = XCConfigurationList;
			buildConfigurations = (
				F2534FC92CE216E100FF13A6 /* Debug */,
				F2534FCA2CE216E100FF13A6 /* Release */,
			);
			defaultConfigurationIsVisible = 0;
			defaultConfigurationName = Release;
		};
/* End XCConfigurationList section */
	};
	rootObject = F2534F962CE216E000FF13A6 /* Project object */;
}
